
Microsoft Visual Studio Solution File, Format Version 12.00
# Visual Studio Version 16
VisualStudioVersion = 16.0.32106.194
MinimumVisualStudioVersion = 10.0.40219.1
Project("{FAE04EC0-301F-11D3-BF4B-00C04F79EFBC}") = "CS_Case_Study1", "CS_Case_Study1\CS_Case_Study1.csproj", "{3E806997-F688-48B0-9B19-3360D41BBCED}"
EndProject
Global
	GlobalSection(SolutionConfigurationPlatforms) = preSolution
		Debug|Any CPU = Debug|Any CPU
		Release|Any CPU = Release|Any CPU
	EndGlobalSection
	GlobalSection(ProjectConfigurationPlatforms) = postSolution
		{3E806997-F688-48B0-9B19-3360D41BBCED}.Debug|Any CPU.ActiveCfg = Debug|Any CPU
		{3E806997-F688-48B0-9B19-3360D41BBCED}.Debug|Any CPU.Build.0 = Debug|Any CPU
		{3E806997-F688-48B0-9B19-3360D41BBCED}.Release|Any CPU.ActiveCfg = Release|Any CPU
		{3E806997-F688-48B0-9B19-3360D41BBCED}.Release|Any CPU.Build.0 = Release|Any CPU
	EndGlobalSection
	GlobalSection(SolutionProperties) = preSolution
		HideSolutionNode = FALSE
	EndGlobalSection
	GlobalSection(ExtensibilityGlobals) = postSolution
		SolutionGuid = {36963A72-50D1-4E94-8E2F-DF09A6EB4467}
	EndGlobalSection
EndGlobal
