
Microsoft Visual Studio Solution File, Format Version 12.00
# Visual Studio 15
VisualStudioVersion = 15.0.28307.1778
MinimumVisualStudioVersion = 10.0.40219.1
Project("{FAE04EC0-301F-11D3-BF4B-00C04F79EFBC}") = "Assgn2", "Assgn2\Assgn2.csproj", "{8D78D2BE-E46E-411E-B364-1C427905D94E}"
EndProject
Global
	GlobalSection(SolutionConfigurationPlatforms) = preSolution
		Debug|Any CPU = Debug|Any CPU
		Release|Any CPU = Release|Any CPU
	EndGlobalSection
	GlobalSection(ProjectConfigurationPlatforms) = postSolution
		{8D78D2BE-E46E-411E-B364-1C427905D94E}.Debug|Any CPU.ActiveCfg = Debug|Any CPU
		{8D78D2BE-E46E-411E-B364-1C427905D94E}.Debug|Any CPU.Build.0 = Debug|Any CPU
		{8D78D2BE-E46E-411E-B364-1C427905D94E}.Release|Any CPU.ActiveCfg = Release|Any CPU
		{8D78D2BE-E46E-411E-B364-1C427905D94E}.Release|Any CPU.Build.0 = Release|Any CPU
	EndGlobalSection
	GlobalSection(SolutionProperties) = preSolution
		HideSolutionNode = FALSE
	EndGlobalSection
	GlobalSection(ExtensibilityGlobals) = postSolution
		SolutionGuid = {CCE45565-7007-458F-9961-2F9BF06C43D9}
	EndGlobalSection
EndGlobal
