
Microsoft Visual Studio Solution File, Format Version 12.00
# Visual Studio Version 16
VisualStudioVersion = 16.0.32126.315
MinimumVisualStudioVersion = 10.0.40219.1
Project("{FAE04EC0-301F-11D3-BF4B-00C04F79EFBC}") = "Student_Mgnt_Sys", "Student_Mgnt_Sys\Student_Mgnt_Sys.csproj", "{0DB078EE-D500-4D9F-87E2-8B84B51D5BD0}"
EndProject
Global
	GlobalSection(SolutionConfigurationPlatforms) = preSolution
		Debug|Any CPU = Debug|Any CPU
		Release|Any CPU = Release|Any CPU
	EndGlobalSection
	GlobalSection(ProjectConfigurationPlatforms) = postSolution
		{0DB078EE-D500-4D9F-87E2-8B84B51D5BD0}.Debug|Any CPU.ActiveCfg = Debug|Any CPU
		{0DB078EE-D500-4D9F-87E2-8B84B51D5BD0}.Debug|Any CPU.Build.0 = Debug|Any CPU
		{0DB078EE-D500-4D9F-87E2-8B84B51D5BD0}.Release|Any CPU.ActiveCfg = Release|Any CPU
		{0DB078EE-D500-4D9F-87E2-8B84B51D5BD0}.Release|Any CPU.Build.0 = Release|Any CPU
	EndGlobalSection
	GlobalSection(SolutionProperties) = preSolution
		HideSolutionNode = FALSE
	EndGlobalSection
	GlobalSection(ExtensibilityGlobals) = postSolution
		SolutionGuid = {6D8DAE2D-974C-4CC0-8BFA-233320782BD4}
	EndGlobalSection
EndGlobal
