
Microsoft Visual Studio Solution File, Format Version 12.00
# Visual Studio 15
VisualStudioVersion = 15.0.28307.1778
MinimumVisualStudioVersion = 10.0.40219.1
Project("{FAE04EC0-301F-11D3-BF4B-00C04F79EFBC}") = "Assg7", "Assg7\Assg7.csproj", "{1D233256-E310-4756-B606-1897ED6F49A4}"
EndProject
Global
	GlobalSection(SolutionConfigurationPlatforms) = preSolution
		Debug|Any CPU = Debug|Any CPU
		Release|Any CPU = Release|Any CPU
	EndGlobalSection
	GlobalSection(ProjectConfigurationPlatforms) = postSolution
		{1D233256-E310-4756-B606-1897ED6F49A4}.Debug|Any CPU.ActiveCfg = Debug|Any CPU
		{1D233256-E310-4756-B606-1897ED6F49A4}.Debug|Any CPU.Build.0 = Debug|Any CPU
		{1D233256-E310-4756-B606-1897ED6F49A4}.Release|Any CPU.ActiveCfg = Release|Any CPU
		{1D233256-E310-4756-B606-1897ED6F49A4}.Release|Any CPU.Build.0 = Release|Any CPU
	EndGlobalSection
	GlobalSection(SolutionProperties) = preSolution
		HideSolutionNode = FALSE
	EndGlobalSection
	GlobalSection(ExtensibilityGlobals) = postSolution
		SolutionGuid = {DB255810-DDC9-4F17-AE9F-9C0F8C12315C}
	EndGlobalSection
EndGlobal
