
Microsoft Visual Studio Solution File, Format Version 12.00
# Visual Studio Version 16
VisualStudioVersion = 16.0.32106.194
MinimumVisualStudioVersion = 10.0.40219.1
Project("{FAE04EC0-301F-11D3-BF4B-00C04F79EFBC}") = "Assg4_2", "Assg4_2\Assg4_2.csproj", "{6D03F83D-300B-4FFE-8A89-FC4C10E4C83C}"
EndProject
Global
	GlobalSection(SolutionConfigurationPlatforms) = preSolution
		Debug|Any CPU = Debug|Any CPU
		Release|Any CPU = Release|Any CPU
	EndGlobalSection
	GlobalSection(ProjectConfigurationPlatforms) = postSolution
		{6D03F83D-300B-4FFE-8A89-FC4C10E4C83C}.Debug|Any CPU.ActiveCfg = Debug|Any CPU
		{6D03F83D-300B-4FFE-8A89-FC4C10E4C83C}.Debug|Any CPU.Build.0 = Debug|Any CPU
		{6D03F83D-300B-4FFE-8A89-FC4C10E4C83C}.Release|Any CPU.ActiveCfg = Release|Any CPU
		{6D03F83D-300B-4FFE-8A89-FC4C10E4C83C}.Release|Any CPU.Build.0 = Release|Any CPU
	EndGlobalSection
	GlobalSection(SolutionProperties) = preSolution
		HideSolutionNode = FALSE
	EndGlobalSection
	GlobalSection(ExtensibilityGlobals) = postSolution
		SolutionGuid = {89B46FF8-50BD-41AE-A457-BC7EF603A187}
	EndGlobalSection
EndGlobal
