
Microsoft Visual Studio Solution File, Format Version 12.00
# Visual Studio Version 16
VisualStudioVersion = 16.0.32126.315
MinimumVisualStudioVersion = 10.0.40219.1
Project("{FAE04EC0-301F-11D3-BF4B-00C04F79EFBC}") = "MVC_Assg_CodeFirst", "MVC_Assg_CodeFirst\MVC_Assg_CodeFirst.csproj", "{5C29A092-D8AA-4406-9563-5E6AAC20DC42}"
EndProject
Global
	GlobalSection(SolutionConfigurationPlatforms) = preSolution
		Debug|Any CPU = Debug|Any CPU
		Release|Any CPU = Release|Any CPU
	EndGlobalSection
	GlobalSection(ProjectConfigurationPlatforms) = postSolution
		{5C29A092-D8AA-4406-9563-5E6AAC20DC42}.Debug|Any CPU.ActiveCfg = Debug|Any CPU
		{5C29A092-D8AA-4406-9563-5E6AAC20DC42}.Debug|Any CPU.Build.0 = Debug|Any CPU
		{5C29A092-D8AA-4406-9563-5E6AAC20DC42}.Release|Any CPU.ActiveCfg = Release|Any CPU
		{5C29A092-D8AA-4406-9563-5E6AAC20DC42}.Release|Any CPU.Build.0 = Release|Any CPU
	EndGlobalSection
	GlobalSection(SolutionProperties) = preSolution
		HideSolutionNode = FALSE
	EndGlobalSection
	GlobalSection(ExtensibilityGlobals) = postSolution
		SolutionGuid = {BD3A624E-07F6-4743-BDBA-86953F6B6E72}
	EndGlobalSection
EndGlobal
